
Microsoft Visual Studio Solution File, Format Version 12.00
# Visual Studio Version 16
VisualStudioVersion = 16.0.31605.320
MinimumVisualStudioVersion = 10.0.40219.1
Project("{9A19103F-16F7-4668-BE54-9A1E7A4F7556}") = "ComobiOS", "ComobiOS.csproj", "{268429F8-90AF-4958-93E9-AEB93E3E3AEA}"
EndProject
Global
	GlobalSection(SolutionConfigurationPlatforms) = preSolution
		Debug|Any CPU = Debug|Any CPU
		ISO|Any CPU = ISO|Any CPU
		Release|Any CPU = Release|Any CPU
	EndGlobalSection
	GlobalSection(ProjectConfigurationPlatforms) = postSolution
		{268429F8-90AF-4958-93E9-AEB93E3E3AEA}.Debug|Any CPU.ActiveCfg = Debug|Any CPU
		{268429F8-90AF-4958-93E9-AEB93E3E3AEA}.Debug|Any CPU.Build.0 = Debug|Any CPU
		{268429F8-90AF-4958-93E9-AEB93E3E3AEA}.ISO|Any CPU.ActiveCfg = ISO|Any CPU
		{268429F8-90AF-4958-93E9-AEB93E3E3AEA}.ISO|Any CPU.Build.0 = ISO|Any CPU
		{268429F8-90AF-4958-93E9-AEB93E3E3AEA}.Release|Any CPU.ActiveCfg = Debug|Any CPU
		{268429F8-90AF-4958-93E9-AEB93E3E3AEA}.Release|Any CPU.Build.0 = Debug|Any CPU
	EndGlobalSection
	GlobalSection(SolutionProperties) = preSolution
		HideSolutionNode = FALSE
	EndGlobalSection
	GlobalSection(ExtensibilityGlobals) = postSolution
		SolutionGuid = {062B9EFA-4256-4D03-AFF0-2B2F3E15027A}
	EndGlobalSection
EndGlobal
