
Microsoft Visual Studio Solution File, Format Version 12.00
# Visual Studio Version 16
VisualStudioVersion = 16.0.31605.320
MinimumVisualStudioVersion = 10.0.40219.1
Project("{FAE04EC0-301F-11D3-BF4B-00C04F79EFBC}") = "ComobiOS", "ComobiOS.csproj", "{F40A2D09-6381-4354-BBDB-D4382948796B}"
EndProject
Global
	GlobalSection(SolutionConfigurationPlatforms) = preSolution
		Debug|Any CPU = Debug|Any CPU
		ISO|Any CPU = ISO|Any CPU
		Release|Any CPU = Release|Any CPU
	EndGlobalSection
	GlobalSection(ProjectConfigurationPlatforms) = postSolution
		{F40A2D09-6381-4354-BBDB-D4382948796B}.Debug|Any CPU.ActiveCfg = Debug|Any CPU
		{F40A2D09-6381-4354-BBDB-D4382948796B}.Debug|Any CPU.Build.0 = Debug|Any CPU
		{F40A2D09-6381-4354-BBDB-D4382948796B}.ISO|Any CPU.ActiveCfg = ISO|Any CPU
		{F40A2D09-6381-4354-BBDB-D4382948796B}.ISO|Any CPU.Build.0 = ISO|Any CPU
		{F40A2D09-6381-4354-BBDB-D4382948796B}.Release|Any CPU.ActiveCfg = Release|Any CPU
		{F40A2D09-6381-4354-BBDB-D4382948796B}.Release|Any CPU.Build.0 = Release|Any CPU
	EndGlobalSection
	GlobalSection(SolutionProperties) = preSolution
		HideSolutionNode = FALSE
	EndGlobalSection
	GlobalSection(ExtensibilityGlobals) = postSolution
		SolutionGuid = {9A1CCE39-EA55-4D16-97BE-3E8078710861}
	EndGlobalSection
EndGlobal
